<?xml version="1.0" encoding="utf-8"?>
<Project ToolsVersion="4.0" xmlns="http://schemas.microsoft.com/developer/msbuild/2003">
  <ItemGroup>
    <Filter Include="소스 파일">
      <UniqueIdentifier>{4FC737F1-C7A5-4376-A066-2A32D752A2FF}</UniqueIdentifier>
      <Extensions>cpp;c;cc;cxx;def;odl;idl;hpj;bat;asm;asmx</Extensions>
    </Filter>
    <Filter Include="헤더 파일">
      <UniqueIdentifier>{93995380-89BD-4b04-88EB-625FBE52EBFB}</UniqueIdentifier>
      <Extensions>h;hh;hpp;hxx;hm;inl;inc;xsd</Extensions>
    </Filter>
    <Filter Include="리소스 파일">
      <UniqueIdentifier>{67DA6AB6-F800-4c08-8B7A-83BB121AAD01}</UniqueIdentifier>
      <Extensions>rc;ico;cur;bmp;dlg;rc2;rct;bin;rgs;gif;jpg;jpeg;jpe;resx;tiff;tif;png;wav;mfcribbon-ms</Extensions>
    </Filter>
    <Filter Include="Common">
      <UniqueIdentifier>{0b9334b2-526d-4666-b458-9b5f88666dc6}</UniqueIdentifier>
    </Filter>
    <Filter Include="Common\Utils">
      <UniqueIdentifier>{45ae00bf-9398-432f-8cd3-29ff4c9b4b45}</UniqueIdentifier>
    </Filter>
    <Filter Include="Include">
      <UniqueIdentifier>{401d98c0-413d-418a-a84a-6067acd2874c}</UniqueIdentifier>
    </Filter>
    <Filter Include="Common\Control">
      <UniqueIdentifier>{eea5b5c3-399c-4e21-b106-b582966c5d5c}</UniqueIdentifier>
    </Filter>
    <Filter Include="Common\XList">
      <UniqueIdentifier>{a6f7507a-4fde-41f3-8775-81b8f029ee4f}</UniqueIdentifier>
    </Filter>
    <Filter Include="Verion">
      <UniqueIdentifier>{d537f1b8-6cc2-4e87-9d55-8107dff0e9f5}</UniqueIdentifier>
    </Filter>
    <Filter Include="SLP3.5Func">
      <UniqueIdentifier>{1b854517-b5d0-46d5-9820-da111b263bca}</UniqueIdentifier>
    </Filter>
  </ItemGroup>
  <ItemGroup>
    <Text Include="ReadMe.txt" />
  </ItemGroup>
  <ItemGroup>
    <ClInclude Include="SysLinker.h">
      <Filter>헤더 파일</Filter>
    </ClInclude>
    <ClInclude Include="stdafx.h">
      <Filter>헤더 파일</Filter>
    </ClInclude>
    <ClInclude Include="targetver.h">
      <Filter>헤더 파일</Filter>
    </ClInclude>
    <ClInclude Include="MainFrm.h">
      <Filter>헤더 파일</Filter>
    </ClInclude>
    <ClInclude Include="ChildFrm.h">
      <Filter>헤더 파일</Filter>
    </ClInclude>
    <ClInclude Include="SysLinkerDoc.h">
      <Filter>헤더 파일</Filter>
    </ClInclude>
    <ClInclude Include="SysLinkerView.h">
      <Filter>헤더 파일</Filter>
    </ClInclude>
    <ClInclude Include="Resource.h">
      <Filter>헤더 파일</Filter>
    </ClInclude>
    <ClInclude Include="ViewTree.h">
      <Filter>헤더 파일</Filter>
    </ClInclude>
    <ClInclude Include="..\Common\Utils\clasimpl.h">
      <Filter>Common\Utils</Filter>
    </ClInclude>
    <ClInclude Include="..\Include\Common_def.h">
      <Filter>Include</Filter>
    </ClInclude>
    <ClInclude Include="DkPaneInputRelay.h">
      <Filter>헤더 파일</Filter>
    </ClInclude>
    <ClInclude Include="DlgNewProjectWizard.h">
      <Filter>헤더 파일</Filter>
    </ClInclude>
    <ClInclude Include="PropSheetNewProject.h">
      <Filter>헤더 파일</Filter>
    </ClInclude>
    <ClInclude Include="PropPageProjectInfo.h">
      <Filter>헤더 파일</Filter>
    </ClInclude>
    <ClInclude Include="PropPageDevice.h">
      <Filter>헤더 파일</Filter>
    </ClInclude>
    <ClInclude Include="PropPageEmergency.h">
      <Filter>헤더 파일</Filter>
    </ClInclude>
    <ClInclude Include="PropPageFacp.h">
      <Filter>헤더 파일</Filter>
    </ClInclude>
    <ClInclude Include="PropPageLocation.h">
      <Filter>헤더 파일</Filter>
    </ClInclude>
    <ClInclude Include="PropPagePattern.h">
      <Filter>헤더 파일</Filter>
    </ClInclude>
    <ClInclude Include="DataDevice.h">
      <Filter>헤더 파일</Filter>
    </ClInclude>
    <ClInclude Include="DataFacp.h">
      <Filter>헤더 파일</Filter>
    </ClInclude>
    <ClInclude Include="DataUnit.h">
      <Filter>헤더 파일</Filter>
    </ClInclude>
    <ClInclude Include="MapLocation.h">
      <Filter>헤더 파일</Filter>
    </ClInclude>
    <ClInclude Include="DataLocation.h">
      <Filter>헤더 파일</Filter>
    </ClInclude>
    <ClInclude Include="ManagerEquip.h">
      <Filter>헤더 파일</Filter>
    </ClInclude>
    <ClInclude Include="DataEquip.h">
      <Filter>헤더 파일</Filter>
    </ClInclude>
    <ClInclude Include="..\Common\Utils\Excel12.h">
      <Filter>Common\Utils</Filter>
    </ClInclude>
    <ClInclude Include="..\Common\Utils\ExcelWrapper.h">
      <Filter>Common\Utils</Filter>
    </ClInclude>
    <ClInclude Include="DataPattern.h">
      <Filter>헤더 파일</Filter>
    </ClInclude>
    <ClInclude Include="ManagerPattern.h">
      <Filter>헤더 파일</Filter>
    </ClInclude>
    <ClInclude Include="MapSystemData.h">
      <Filter>헤더 파일</Filter>
    </ClInclude>
    <ClInclude Include="RelayTableData.h">
      <Filter>헤더 파일</Filter>
    </ClInclude>
    <ClInclude Include="DataSystem.h">
      <Filter>헤더 파일</Filter>
    </ClInclude>
    <ClInclude Include="DkPaneOutputRelay.h">
      <Filter>헤더 파일</Filter>
    </ClInclude>
    <ClInclude Include="DkPanePattern.h">
      <Filter>헤더 파일</Filter>
    </ClInclude>
    <ClInclude Include="DkPanePump.h">
      <Filter>헤더 파일</Filter>
    </ClInclude>
    <ClInclude Include="DlgEnv.h">
      <Filter>헤더 파일</Filter>
    </ClInclude>
    <ClInclude Include="..\Common\Control\SplitterCtrl.h">
      <Filter>Common\Control</Filter>
    </ClInclude>
    <ClInclude Include="..\Common\Control\DTreeCtrl.h">
      <Filter>Common\Control</Filter>
    </ClInclude>
    <ClInclude Include="DlgLogIn.h">
      <Filter>헤더 파일</Filter>
    </ClInclude>
    <ClInclude Include="DlgMakeAutoOnInput.h">
      <Filter>헤더 파일</Filter>
    </ClInclude>
    <ClInclude Include="DlgMakeAutoAllInput.h">
      <Filter>헤더 파일</Filter>
    </ClInclude>
    <ClInclude Include="DlgLinkResult.h">
      <Filter>헤더 파일</Filter>
    </ClInclude>
    <ClInclude Include="DataLinked.h">
      <Filter>헤더 파일</Filter>
    </ClInclude>
    <ClInclude Include="FormPattern.h">
      <Filter>헤더 파일</Filter>
    </ClInclude>
    <ClInclude Include="FormDoc.h">
      <Filter>헤더 파일</Filter>
    </ClInclude>
    <ClInclude Include="FormEmergency.h">
      <Filter>헤더 파일</Filter>
    </ClInclude>
    <ClInclude Include="FormPSwitch.h">
      <Filter>헤더 파일</Filter>
    </ClInclude>
    <ClInclude Include="FormPump.h">
      <Filter>헤더 파일</Filter>
    </ClInclude>
    <ClInclude Include="FormSwitch.h">
      <Filter>헤더 파일</Filter>
    </ClInclude>
    <ClInclude Include="FormLinkView.h">
      <Filter>헤더 파일</Filter>
    </ClInclude>
    <ClInclude Include="FormEquip.h">
      <Filter>헤더 파일</Filter>
    </ClInclude>
    <ClInclude Include="FormUser.h">
      <Filter>헤더 파일</Filter>
    </ClInclude>
    <ClInclude Include="FormAccess.h">
      <Filter>헤더 파일</Filter>
    </ClInclude>
    <ClInclude Include="FormLocation.h">
      <Filter>헤더 파일</Filter>
    </ClInclude>
    <ClInclude Include="FormFacp.h">
      <Filter>헤더 파일</Filter>
    </ClInclude>
    <ClInclude Include="FormUnit.h">
      <Filter>헤더 파일</Filter>
    </ClInclude>
    <ClInclude Include="DataChannel.h">
      <Filter>헤더 파일</Filter>
    </ClInclude>
    <ClInclude Include="DlgVersion.h">
      <Filter>헤더 파일</Filter>
    </ClInclude>
    <ClInclude Include="DlgProgramLogin.h">
      <Filter>헤더 파일</Filter>
    </ClInclude>
    <ClInclude Include="..\Common\Control\ColorStatic.h">
      <Filter>Common\Control</Filter>
    </ClInclude>
    <ClInclude Include="SplitAggregate.h">
      <Filter>헤더 파일</Filter>
    </ClInclude>
    <ClInclude Include="DlgChildPump.h">
      <Filter>헤더 파일</Filter>
    </ClInclude>
    <ClInclude Include="DlgChildPSwitch.h">
      <Filter>헤더 파일</Filter>
    </ClInclude>
    <ClInclude Include="DataPump.h">
      <Filter>헤더 파일</Filter>
    </ClInclude>
    <ClInclude Include="DataPS.h">
      <Filter>헤더 파일</Filter>
    </ClInclude>
    <ClInclude Include="ManagerPump.h">
      <Filter>헤더 파일</Filter>
    </ClInclude>
    <ClInclude Include="ManagerPS.h">
      <Filter>헤더 파일</Filter>
    </ClInclude>
    <ClInclude Include="SplitTreeCtrl.h">
      <Filter>헤더 파일</Filter>
    </ClInclude>
    <ClInclude Include="DlgTreePane.h">
      <Filter>헤더 파일</Filter>
    </ClInclude>
    <ClInclude Include="FormRelayEdit.h">
      <Filter>헤더 파일</Filter>
    </ClInclude>
    <ClInclude Include="DlgChildChangeView.h">
      <Filter>헤더 파일</Filter>
    </ClInclude>
    <ClInclude Include="DlgChildRelayTree.h">
      <Filter>헤더 파일</Filter>
    </ClInclude>
    <ClInclude Include="DlgRETabPattern.h">
      <Filter>헤더 파일</Filter>
    </ClInclude>
    <ClInclude Include="DlgRETabRelay.h">
      <Filter>헤더 파일</Filter>
    </ClInclude>
    <ClInclude Include="ImageStatic.h">
      <Filter>헤더 파일</Filter>
    </ClInclude>
    <ClInclude Include="ImgViewCtrl.h">
      <Filter>헤더 파일</Filter>
    </ClInclude>
    <ClInclude Include="DlgChildEditRelay.h">
      <Filter>헤더 파일</Filter>
    </ClInclude>
    <ClInclude Include="DlgChildEditMain.h">
      <Filter>헤더 파일</Filter>
    </ClInclude>
    <ClInclude Include="DlgChildEditUnit.h">
      <Filter>헤더 파일</Filter>
    </ClInclude>
    <ClInclude Include="DlgChildEditFacp.h">
      <Filter>헤더 파일</Filter>
    </ClInclude>
    <ClInclude Include="DlgChildEditChn.h">
      <Filter>헤더 파일</Filter>
    </ClInclude>
    <ClInclude Include="DlgChildBasePage.h">
      <Filter>헤더 파일</Filter>
    </ClInclude>
    <ClInclude Include="ScrollDialog.h">
      <Filter>헤더 파일</Filter>
    </ClInclude>
    <ClInclude Include="..\Common\XList\MemDC.h">
      <Filter>Common\XList</Filter>
    </ClInclude>
    <ClInclude Include="..\Common\XList\SortCStringArray.h">
      <Filter>Common\XList</Filter>
    </ClInclude>
    <ClInclude Include="..\Common\XList\XHeaderCtrl.h">
      <Filter>Common\XList</Filter>
    </ClInclude>
    <ClInclude Include="..\Common\XList\XListCtrl.h">
      <Filter>Common\XList</Filter>
    </ClInclude>
    <ClInclude Include="..\Common\XList\XTrace.h">
      <Filter>Common\XList</Filter>
    </ClInclude>
    <ClInclude Include="DlgChildEditEmpty.h">
      <Filter>헤더 파일</Filter>
    </ClInclude>
    <ClInclude Include="DlgProgress.h">
      <Filter>헤더 파일</Filter>
    </ClInclude>
    <ClInclude Include="FormAutoMake.h">
      <Filter>헤더 파일</Filter>
    </ClInclude>
    <ClInclude Include="DataAutoLogic.h">
      <Filter>헤더 파일</Filter>
    </ClInclude>
    <ClInclude Include="ManagerAutoLogic.h">
      <Filter>헤더 파일</Filter>
    </ClInclude>
    <ClInclude Include="DataAutoMake.h">
      <Filter>헤더 파일</Filter>
    </ClInclude>
    <ClInclude Include="DataAutoPattern.h">
      <Filter>헤더 파일</Filter>
    </ClInclude>
    <ClInclude Include="DataAutoDevice.h">
      <Filter>헤더 파일</Filter>
    </ClInclude>
    <ClInclude Include="DataEmBc.h">
      <Filter>헤더 파일</Filter>
    </ClInclude>
    <ClInclude Include="ManagerEmergency.h">
      <Filter>헤더 파일</Filter>
    </ClInclude>
    <ClInclude Include="DlgMakePwd.h">
      <Filter>헤더 파일</Filter>
    </ClInclude>
    <ClInclude Include="DkPaneEmergency.h">
      <Filter>헤더 파일</Filter>
    </ClInclude>
    <ClInclude Include="DkPanePSwitch.h">
      <Filter>헤더 파일</Filter>
    </ClInclude>
    <ClInclude Include="DlgLoadRom.h">
      <Filter>헤더 파일</Filter>
    </ClInclude>
    <ClInclude Include="FormEditLogic.h">
      <Filter>헤더 파일</Filter>
    </ClInclude>
    <ClInclude Include="FormTable.h">
      <Filter>헤더 파일</Filter>
    </ClInclude>
    <ClInclude Include="DlgSetUserTreeView.h">
      <Filter>헤더 파일</Filter>
    </ClInclude>
    <ClInclude Include="..\Common\Control\DragAndDropListBox.h">
      <Filter>Common\Control</Filter>
    </ClInclude>
    <ClInclude Include="OutputWnd.h">
      <Filter>헤더 파일</Filter>
    </ClInclude>
    <ClInclude Include="DlgInfoChn.h">
      <Filter>헤더 파일</Filter>
    </ClInclude>
    <ClInclude Include="DlgInfoEmpty.h">
      <Filter>헤더 파일</Filter>
    </ClInclude>
    <ClInclude Include="DlgInfoFacp.h">
      <Filter>헤더 파일</Filter>
    </ClInclude>
    <ClInclude Include="DlgInfoRelay.h">
      <Filter>헤더 파일</Filter>
    </ClInclude>
    <ClInclude Include="DlgInfoUnit.h">
      <Filter>헤더 파일</Filter>
    </ClInclude>
    <ClInclude Include="DlgInfoMain.h">
      <Filter>헤더 파일</Filter>
    </ClInclude>
    <ClInclude Include="DlgInfoBasePage.h">
      <Filter>헤더 파일</Filter>
    </ClInclude>
    <ClInclude Include="DlgViewRelay.h">
      <Filter>헤더 파일</Filter>
    </ClInclude>
    <ClInclude Include="FormLoadRelayTable.h">
      <Filter>헤더 파일</Filter>
    </ClInclude>
    <ClInclude Include="DlgInputChange.h">
      <Filter>헤더 파일</Filter>
    </ClInclude>
    <ClInclude Include="DlgOutputChange.h">
      <Filter>헤더 파일</Filter>
    </ClInclude>
    <ClInclude Include="..\Common\Control\SSplitter.h">
      <Filter>Common\Control</Filter>
    </ClInclude>
    <ClInclude Include="FormPumpEdit.h">
      <Filter>헤더 파일</Filter>
    </ClInclude>
    <ClInclude Include="FormPSwitchEdit.h">
      <Filter>헤더 파일</Filter>
    </ClInclude>
    <ClInclude Include="RTableUpdate.h">
      <Filter>헤더 파일</Filter>
    </ClInclude>
    <ClInclude Include="DlgPatternChange.h">
      <Filter>헤더 파일</Filter>
    </ClInclude>
    <ClInclude Include="UtDB_LogicBackup.h">
      <Filter>헤더 파일</Filter>
    </ClInclude>
    <ClInclude Include="Ut_AutoLogic.h">
      <Filter>헤더 파일</Filter>
    </ClInclude>
    <ClInclude Include="ManagerFacpRelay.h">
      <Filter>헤더 파일</Filter>
    </ClInclude>
    <ClInclude Include="DataFacpRelay.h">
      <Filter>헤더 파일</Filter>
    </ClInclude>
    <ClInclude Include="Ut_AutoMake.h">
      <Filter>헤더 파일</Filter>
    </ClInclude>
    <ClInclude Include="DataNewAutoPtn.h">
      <Filter>헤더 파일</Filter>
    </ClInclude>
    <ClInclude Include="DataNewAutoLink.h">
      <Filter>헤더 파일</Filter>
    </ClInclude>
    <ClInclude Include="FormContactFacp.h">
      <Filter>헤더 파일</Filter>
    </ClInclude>
    <ClInclude Include="DkContactFacp.h">
      <Filter>헤더 파일</Filter>
    </ClInclude>
    <ClInclude Include="..\Common\Utils\StdioFileEx.h">
      <Filter>Common\Utils</Filter>
    </ClInclude>
    <ClInclude Include="SortableObList.h">
      <Filter>헤더 파일</Filter>
    </ClInclude>
    <ClInclude Include="CvtRelayIDConverter.h">
      <Filter>헤더 파일</Filter>
    </ClInclude>
    <ClInclude Include="AllocRelayIndex.h">
      <Filter>헤더 파일</Filter>
    </ClInclude>
    <ClInclude Include="DataLocRoom.h">
      <Filter>헤더 파일</Filter>
    </ClInclude>
    <ClInclude Include="DataLocBuild.h">
      <Filter>헤더 파일</Filter>
    </ClInclude>
    <ClInclude Include="DataLocBType.h">
      <Filter>헤더 파일</Filter>
    </ClInclude>
    <ClInclude Include="DataLocStair.h">
      <Filter>헤더 파일</Filter>
    </ClInclude>
    <ClInclude Include="DataLocFloor.h">
      <Filter>헤더 파일</Filter>
    </ClInclude>
    <ClInclude Include="ManagerLocation.h">
      <Filter>헤더 파일</Filter>
    </ClInclude>
    <ClInclude Include="DataLocBase.h">
      <Filter>헤더 파일</Filter>
    </ClInclude>
    <ClInclude Include="..\Common\Utils\ggets.h">
      <Filter>Common\Utils</Filter>
    </ClInclude>
    <ClInclude Include="..\Common\Utils\TemplateSmartPtr.h">
      <Filter>Common\Utils</Filter>
    </ClInclude>
    <ClInclude Include="TaskProgressDialog.h">
      <Filter>헤더 파일</Filter>
    </ClInclude>
    <ClInclude Include="DlgPatternProperty.h">
      <Filter>헤더 파일</Filter>
    </ClInclude>
    <ClInclude Include="FormErrorCheck.h">
      <Filter>헤더 파일</Filter>
    </ClInclude>
    <ClInclude Include="..\Version\Version.h">
      <Filter>Verion</Filter>
    </ClInclude>
    <ClInclude Include="DlgErrorCheck.h">
      <Filter>헤더 파일</Filter>
    </ClInclude>
    <ClInclude Include="..\Common\Control\CBSpeedListCtrl.h">
      <Filter>Common\Control</Filter>
    </ClInclude>
    <ClInclude Include="..\SLP3.5Func\Defines.h">
      <Filter>SLP3.5Func</Filter>
    </ClInclude>
    <ClInclude Include="..\SLP3.5Func\TSingleton.h">
      <Filter>SLP3.5Func</Filter>
    </ClInclude>
    <ClInclude Include="..\SLP3.5Func\NewInfo.h">
      <Filter>SLP3.5Func</Filter>
    </ClInclude>
    <ClInclude Include="..\SLP3.5Func\NewDBManager.h">
      <Filter>SLP3.5Func</Filter>
    </ClInclude>
    <ClInclude Include="..\SLP3.5Func\Log.h">
      <Filter>SLP3.5Func</Filter>
    </ClInclude>
    <ClInclude Include="..\SLP3.5Func\CommonFunc.h">
      <Filter>SLP3.5Func</Filter>
    </ClInclude>
    <ClInclude Include="..\SLP3.5Func\NewExcelManager.h">
      <Filter>SLP3.5Func</Filter>
    </ClInclude>
    <ClInclude Include="DlgAdminMode.h">
      <Filter>헤더 파일</Filter>
    </ClInclude>
  </ItemGroup>
  <ItemGroup>
    <ClCompile Include="SysLinker.cpp">
      <Filter>소스 파일</Filter>
    </ClCompile>
    <ClCompile Include="stdafx.cpp">
      <Filter>소스 파일</Filter>
    </ClCompile>
    <ClCompile Include="MainFrm.cpp">
      <Filter>소스 파일</Filter>
    </ClCompile>
    <ClCompile Include="ChildFrm.cpp">
      <Filter>소스 파일</Filter>
    </ClCompile>
    <ClCompile Include="SysLinkerDoc.cpp">
      <Filter>소스 파일</Filter>
    </ClCompile>
    <ClCompile Include="SysLinkerView.cpp">
      <Filter>소스 파일</Filter>
    </ClCompile>
    <ClCompile Include="ViewTree.cpp">
      <Filter>소스 파일</Filter>
    </ClCompile>
    <ClCompile Include="..\Common\Utils\EventQueue.cpp">
      <Filter>Common\Utils</Filter>
    </ClCompile>
    <ClCompile Include="..\Common\Utils\YAdoDatabase.cpp">
      <Filter>Common\Utils</Filter>
    </ClCompile>
    <ClCompile Include="..\Common\Control\DTreeCtrl.cpp">
      <Filter>Common\Control</Filter>
    </ClCompile>
    <ClCompile Include="DkPaneInputRelay.cpp">
      <Filter>소스 파일</Filter>
    </ClCompile>
    <ClCompile Include="DlgNewProjectWizard.cpp">
      <Filter>소스 파일</Filter>
    </ClCompile>
    <ClCompile Include="PropSheetNewProject.cpp">
      <Filter>소스 파일</Filter>
    </ClCompile>
    <ClCompile Include="PropPageProjectInfo.cpp">
      <Filter>소스 파일</Filter>
    </ClCompile>
    <ClCompile Include="PropPageDevice.cpp">
      <Filter>소스 파일</Filter>
    </ClCompile>
    <ClCompile Include="PropPageEmergency.cpp">
      <Filter>소스 파일</Filter>
    </ClCompile>
    <ClCompile Include="PropPageFacp.cpp">
      <Filter>소스 파일</Filter>
    </ClCompile>
    <ClCompile Include="PropPageLocation.cpp">
      <Filter>소스 파일</Filter>
    </ClCompile>
    <ClCompile Include="PropPagePattern.cpp">
      <Filter>소스 파일</Filter>
    </ClCompile>
    <ClCompile Include="..\Common\Control\TreeListCtrl.cpp">
      <Filter>Common\Control</Filter>
    </ClCompile>
    <ClCompile Include="..\Common\Control\TreeListWnd.cpp">
      <Filter>Common\Control</Filter>
    </ClCompile>
    <ClCompile Include="DataDevice.cpp">
      <Filter>소스 파일</Filter>
    </ClCompile>
    <ClCompile Include="DataFacp.cpp">
      <Filter>소스 파일</Filter>
    </ClCompile>
    <ClCompile Include="DataUnit.cpp">
      <Filter>소스 파일</Filter>
    </ClCompile>
    <ClCompile Include="MapLocation.cpp">
      <Filter>소스 파일</Filter>
    </ClCompile>
    <ClCompile Include="DataLocation.cpp">
      <Filter>소스 파일</Filter>
    </ClCompile>
    <ClCompile Include="ManagerEquip.cpp">
      <Filter>소스 파일</Filter>
    </ClCompile>
    <ClCompile Include="DataEquip.cpp">
      <Filter>소스 파일</Filter>
    </ClCompile>
    <ClCompile Include="..\Common\Utils\ExcelWrapper.cpp">
      <Filter>Common\Utils</Filter>
    </ClCompile>
    <ClCompile Include="DataPattern.cpp">
      <Filter>소스 파일</Filter>
    </ClCompile>
    <ClCompile Include="ManagerPattern.cpp">
      <Filter>소스 파일</Filter>
    </ClCompile>
    <ClCompile Include="MapSystemData.cpp">
      <Filter>소스 파일</Filter>
    </ClCompile>
    <ClCompile Include="RelayTableData.cpp">
      <Filter>소스 파일</Filter>
    </ClCompile>
    <ClCompile Include="DataSystem.cpp">
      <Filter>소스 파일</Filter>
    </ClCompile>
    <ClCompile Include="DkPaneOutputRelay.cpp">
      <Filter>소스 파일</Filter>
    </ClCompile>
    <ClCompile Include="DkPanePattern.cpp">
      <Filter>소스 파일</Filter>
    </ClCompile>
    <ClCompile Include="DkPanePump.cpp">
      <Filter>소스 파일</Filter>
    </ClCompile>
    <ClCompile Include="DlgEnv.cpp">
      <Filter>소스 파일</Filter>
    </ClCompile>
    <ClCompile Include="..\Common\Utils\StdioFileEx.cpp">
      <Filter>Common\Utils</Filter>
    </ClCompile>
    <ClCompile Include="..\Common\Control\SplitterCtrl.cpp">
      <Filter>Common\Control</Filter>
    </ClCompile>
    <ClCompile Include="DlgLogIn.cpp">
      <Filter>소스 파일</Filter>
    </ClCompile>
    <ClCompile Include="DlgMakeAutoOnInput.cpp">
      <Filter>소스 파일</Filter>
    </ClCompile>
    <ClCompile Include="DlgMakeAutoAllInput.cpp">
      <Filter>소스 파일</Filter>
    </ClCompile>
    <ClCompile Include="DlgLinkResult.cpp">
      <Filter>소스 파일</Filter>
    </ClCompile>
    <ClCompile Include="DataLinked.cpp">
      <Filter>소스 파일</Filter>
    </ClCompile>
    <ClCompile Include="FormPattern.cpp">
      <Filter>소스 파일</Filter>
    </ClCompile>
    <ClCompile Include="FormDoc.cpp">
      <Filter>소스 파일</Filter>
    </ClCompile>
    <ClCompile Include="FormEmergency.cpp">
      <Filter>소스 파일</Filter>
    </ClCompile>
    <ClCompile Include="FormPSwitch.cpp">
      <Filter>소스 파일</Filter>
    </ClCompile>
    <ClCompile Include="FormPump.cpp">
      <Filter>소스 파일</Filter>
    </ClCompile>
    <ClCompile Include="FormSwitch.cpp">
      <Filter>소스 파일</Filter>
    </ClCompile>
    <ClCompile Include="FormLinkView.cpp">
      <Filter>소스 파일</Filter>
    </ClCompile>
    <ClCompile Include="FormEquip.cpp">
      <Filter>소스 파일</Filter>
    </ClCompile>
    <ClCompile Include="FormUser.cpp">
      <Filter>소스 파일</Filter>
    </ClCompile>
    <ClCompile Include="FormAccess.cpp">
      <Filter>소스 파일</Filter>
    </ClCompile>
    <ClCompile Include="FormLocation.cpp">
      <Filter>소스 파일</Filter>
    </ClCompile>
    <ClCompile Include="FormFacp.cpp">
      <Filter>소스 파일</Filter>
    </ClCompile>
    <ClCompile Include="FormUnit.cpp">
      <Filter>소스 파일</Filter>
    </ClCompile>
    <ClCompile Include="DataChannel.cpp">
      <Filter>소스 파일</Filter>
    </ClCompile>
    <ClCompile Include="DlgVersion.cpp">
      <Filter>소스 파일</Filter>
    </ClCompile>
    <ClCompile Include="DlgProgramLogin.cpp">
      <Filter>소스 파일</Filter>
    </ClCompile>
    <ClCompile Include="..\Common\Control\ColorStatic.cpp">
      <Filter>Common\Control</Filter>
    </ClCompile>
    <ClCompile Include="SplitAggregate.cpp">
      <Filter>소스 파일</Filter>
    </ClCompile>
    <ClCompile Include="DlgChildPump.cpp">
      <Filter>소스 파일</Filter>
    </ClCompile>
    <ClCompile Include="DlgChildPSwitch.cpp">
      <Filter>소스 파일</Filter>
    </ClCompile>
    <ClCompile Include="DataPump.cpp">
      <Filter>소스 파일</Filter>
    </ClCompile>
    <ClCompile Include="DataPS.cpp">
      <Filter>소스 파일</Filter>
    </ClCompile>
    <ClCompile Include="ManagerPump.cpp">
      <Filter>소스 파일</Filter>
    </ClCompile>
    <ClCompile Include="ManagerPS.cpp">
      <Filter>소스 파일</Filter>
    </ClCompile>
    <ClCompile Include="SplitTreeCtrl.cpp">
      <Filter>소스 파일</Filter>
    </ClCompile>
    <ClCompile Include="DlgTreePane.cpp">
      <Filter>소스 파일</Filter>
    </ClCompile>
    <ClCompile Include="FormRelayEdit.cpp">
      <Filter>소스 파일</Filter>
    </ClCompile>
    <ClCompile Include="DlgChildChangeView.cpp">
      <Filter>소스 파일</Filter>
    </ClCompile>
    <ClCompile Include="DlgChildRelayTree.cpp">
      <Filter>소스 파일</Filter>
    </ClCompile>
    <ClCompile Include="DlgRETabPattern.cpp">
      <Filter>소스 파일</Filter>
    </ClCompile>
    <ClCompile Include="DlgRETabRelay.cpp">
      <Filter>소스 파일</Filter>
    </ClCompile>
    <ClCompile Include="ImageStatic.cpp">
      <Filter>소스 파일</Filter>
    </ClCompile>
    <ClCompile Include="ImgViewCtrl.cpp">
      <Filter>소스 파일</Filter>
    </ClCompile>
    <ClCompile Include="DlgChildEditRelay.cpp">
      <Filter>소스 파일</Filter>
    </ClCompile>
    <ClCompile Include="DlgChildEditMain.cpp">
      <Filter>소스 파일</Filter>
    </ClCompile>
    <ClCompile Include="DlgChildEditUnit.cpp">
      <Filter>소스 파일</Filter>
    </ClCompile>
    <ClCompile Include="DlgChildEditFacp.cpp">
      <Filter>소스 파일</Filter>
    </ClCompile>
    <ClCompile Include="DlgChildEditChn.cpp">
      <Filter>소스 파일</Filter>
    </ClCompile>
    <ClCompile Include="DlgChildBasePage.cpp">
      <Filter>소스 파일</Filter>
    </ClCompile>
    <ClCompile Include="ScrollDialog.cpp">
      <Filter>소스 파일</Filter>
    </ClCompile>
    <ClCompile Include="..\Common\XList\XHeaderCtrl.cpp">
      <Filter>Common\XList</Filter>
    </ClCompile>
    <ClCompile Include="..\Common\XList\XListCtrl.cpp">
      <Filter>Common\XList</Filter>
    </ClCompile>
    <ClCompile Include="..\Common\XList\XEdit.cpp">
      <Filter>Common\XList</Filter>
    </ClCompile>
    <ClCompile Include="DlgChildEditEmpty.cpp">
      <Filter>소스 파일</Filter>
    </ClCompile>
    <ClCompile Include="DlgProgress.cpp">
      <Filter>소스 파일</Filter>
    </ClCompile>
    <ClCompile Include="FormAutoMake.cpp">
      <Filter>소스 파일</Filter>
    </ClCompile>
    <ClCompile Include="DataAutoLogic.cpp">
      <Filter>소스 파일</Filter>
    </ClCompile>
    <ClCompile Include="ManagerAutoLogic.cpp">
      <Filter>소스 파일</Filter>
    </ClCompile>
    <ClCompile Include="DataAutoMake.cpp">
      <Filter>소스 파일</Filter>
    </ClCompile>
    <ClCompile Include="DataAutoPattern.cpp">
      <Filter>소스 파일</Filter>
    </ClCompile>
    <ClCompile Include="DataAutoDevice.cpp">
      <Filter>소스 파일</Filter>
    </ClCompile>
    <ClCompile Include="DataEmBc.cpp">
      <Filter>소스 파일</Filter>
    </ClCompile>
    <ClCompile Include="ManagerEmergency.cpp">
      <Filter>소스 파일</Filter>
    </ClCompile>
    <ClCompile Include="DlgMakePwd.cpp">
      <Filter>소스 파일</Filter>
    </ClCompile>
    <ClCompile Include="DkPaneEmergency.cpp">
      <Filter>소스 파일</Filter>
    </ClCompile>
    <ClCompile Include="DkPanePSwitch.cpp">
      <Filter>소스 파일</Filter>
    </ClCompile>
    <ClCompile Include="DlgLoadRom.cpp">
      <Filter>소스 파일</Filter>
    </ClCompile>
    <ClCompile Include="FormEditLogic.cpp">
      <Filter>소스 파일</Filter>
    </ClCompile>
    <ClCompile Include="FormTable.cpp">
      <Filter>소스 파일</Filter>
    </ClCompile>
    <ClCompile Include="DlgSetUserTreeView.cpp">
      <Filter>소스 파일</Filter>
    </ClCompile>
    <ClCompile Include="..\Common\Control\DragAndDropListBox.cpp">
      <Filter>Common\Control</Filter>
    </ClCompile>
    <ClCompile Include="OutputWnd.cpp">
      <Filter>소스 파일</Filter>
    </ClCompile>
    <ClCompile Include="DlgInfoChn.cpp">
      <Filter>소스 파일</Filter>
    </ClCompile>
    <ClCompile Include="DlgInfoEmpty.cpp">
      <Filter>소스 파일</Filter>
    </ClCompile>
    <ClCompile Include="DlgInfoFacp.cpp">
      <Filter>소스 파일</Filter>
    </ClCompile>
    <ClCompile Include="DlgInfoRelay.cpp">
      <Filter>소스 파일</Filter>
    </ClCompile>
    <ClCompile Include="DlgInfoUnit.cpp">
      <Filter>소스 파일</Filter>
    </ClCompile>
    <ClCompile Include="DlgInfoMain.cpp">
      <Filter>소스 파일</Filter>
    </ClCompile>
    <ClCompile Include="DlgInfoBasePage.cpp">
      <Filter>소스 파일</Filter>
    </ClCompile>
    <ClCompile Include="DlgViewRelay.cpp">
      <Filter>소스 파일</Filter>
    </ClCompile>
    <ClCompile Include="FormLoadRelayTable.cpp">
      <Filter>소스 파일</Filter>
    </ClCompile>
    <ClCompile Include="DlgInputChange.cpp">
      <Filter>소스 파일</Filter>
    </ClCompile>
    <ClCompile Include="DlgOutputChange.cpp">
      <Filter>소스 파일</Filter>
    </ClCompile>
    <ClCompile Include="..\Common\Control\SSplitter.cpp">
      <Filter>Common\Control</Filter>
    </ClCompile>
    <ClCompile Include="FormPumpEdit.cpp">
      <Filter>소스 파일</Filter>
    </ClCompile>
    <ClCompile Include="FormPSwitchEdit.cpp">
      <Filter>소스 파일</Filter>
    </ClCompile>
    <ClCompile Include="RTableUpdate.cpp">
      <Filter>소스 파일</Filter>
    </ClCompile>
    <ClCompile Include="DlgPatternChange.cpp">
      <Filter>소스 파일</Filter>
    </ClCompile>
    <ClCompile Include="UtDB_LogicBackup.cpp">
      <Filter>소스 파일</Filter>
    </ClCompile>
    <ClCompile Include="Ut_AutoLogic.cpp">
      <Filter>소스 파일</Filter>
    </ClCompile>
    <ClCompile Include="ManagerFacpRelay.cpp">
      <Filter>소스 파일</Filter>
    </ClCompile>
    <ClCompile Include="DataFacpRelay.cpp">
      <Filter>소스 파일</Filter>
    </ClCompile>
    <ClCompile Include="Ut_AutoMake.cpp">
      <Filter>소스 파일</Filter>
    </ClCompile>
    <ClCompile Include="DataNewAutoPtn.cpp">
      <Filter>소스 파일</Filter>
    </ClCompile>
    <ClCompile Include="DataNewAutoLink.cpp">
      <Filter>소스 파일</Filter>
    </ClCompile>
    <ClCompile Include="FormContactFacp.cpp">
      <Filter>소스 파일</Filter>
    </ClCompile>
    <ClCompile Include="DkContactFacp.cpp">
      <Filter>소스 파일</Filter>
    </ClCompile>
    <ClCompile Include="SortableObList.cpp">
      <Filter>소스 파일</Filter>
    </ClCompile>
    <ClCompile Include="CvtRelayIDConverter.cpp">
      <Filter>소스 파일</Filter>
    </ClCompile>
    <ClCompile Include="AllocRelayIndex.cpp">
      <Filter>소스 파일</Filter>
    </ClCompile>
    <ClCompile Include="DataLocRoom.cpp">
      <Filter>소스 파일</Filter>
    </ClCompile>
    <ClCompile Include="DataLocBuild.cpp">
      <Filter>소스 파일</Filter>
    </ClCompile>
    <ClCompile Include="DataLocBType.cpp">
      <Filter>소스 파일</Filter>
    </ClCompile>
    <ClCompile Include="DataLocStair.cpp">
      <Filter>소스 파일</Filter>
    </ClCompile>
    <ClCompile Include="DataLocFloor.cpp">
      <Filter>소스 파일</Filter>
    </ClCompile>
    <ClCompile Include="ManagerLocation.cpp">
      <Filter>소스 파일</Filter>
    </ClCompile>
    <ClCompile Include="DataLocBase.cpp">
      <Filter>소스 파일</Filter>
    </ClCompile>
    <ClCompile Include="..\Common\Utils\ggets.cpp">
      <Filter>Common\Utils</Filter>
    </ClCompile>
    <ClCompile Include="TaskProgressDialog.cpp">
      <Filter>소스 파일</Filter>
    </ClCompile>
    <ClCompile Include="DlgPatternProperty.cpp">
      <Filter>소스 파일</Filter>
    </ClCompile>
    <ClCompile Include="FormErrorCheck.cpp">
      <Filter>소스 파일</Filter>
    </ClCompile>
    <ClCompile Include="DlgErrorCheck.cpp">
      <Filter>소스 파일</Filter>
    </ClCompile>
    <ClCompile Include="..\Common\Control\CBSpeedListCtrl.cpp">
      <Filter>Common\Control</Filter>
    </ClCompile>
    <ClCompile Include="..\SLP3.5Func\NewInfo.cpp">
      <Filter>SLP3.5Func</Filter>
    </ClCompile>
    <ClCompile Include="..\SLP3.5Func\NewDBManager.cpp">
      <Filter>SLP3.5Func</Filter>
    </ClCompile>
    <ClCompile Include="..\SLP3.5Func\Log.cpp">
      <Filter>SLP3.5Func</Filter>
    </ClCompile>
    <ClCompile Include="..\SLP3.5Func\CommonFunc.cpp">
      <Filter>SLP3.5Func</Filter>
    </ClCompile>
    <ClCompile Include="..\SLP3.5Func\NewExcelManager.cpp">
      <Filter>SLP3.5Func</Filter>
    </ClCompile>
    <ClCompile Include="DlgAdminMode.cpp">
      <Filter>소스 파일</Filter>
    </ClCompile>
  </ItemGroup>
  <ItemGroup>
    <ResourceCompile Include="SysLinker.rc">
      <Filter>리소스 파일</Filter>
    </ResourceCompile>
  </ItemGroup>
  <ItemGroup>
    <Image Include="res\file_view.ico">
      <Filter>리소스 파일</Filter>
    </Image>
    <Image Include="res\file_view_hc.ico">
      <Filter>리소스 파일</Filter>
    </Image>
    <Image Include="res\class_view.ico">
      <Filter>리소스 파일</Filter>
    </Image>
    <Image Include="res\class_view_hc.ico">
      <Filter>리소스 파일</Filter>
    </Image>
    <Image Include="res\fileview.bmp">
      <Filter>리소스 파일</Filter>
    </Image>
    <Image Include="res\fileview_hc.bmp">
      <Filter>리소스 파일</Filter>
    </Image>
    <Image Include="res\classview.bmp">
      <Filter>리소스 파일</Filter>
    </Image>
    <Image Include="res\classview_hc.bmp">
      <Filter>리소스 파일</Filter>
    </Image>
    <Image Include="res\explorer.bmp">
      <Filter>리소스 파일</Filter>
    </Image>
    <Image Include="res\explorer_hc.bmp">
      <Filter>리소스 파일</Filter>
    </Image>
    <Image Include="res\sort.bmp">
      <Filter>리소스 파일</Filter>
    </Image>
    <Image Include="res\sort_hc.bmp">
      <Filter>리소스 파일</Filter>
    </Image>
    <Image Include="res\menuimages.bmp">
      <Filter>리소스 파일</Filter>
    </Image>
    <Image Include="res\menuimages_hc.bmp">
      <Filter>리소스 파일</Filter>
    </Image>
    <Image Include="res\properties_wnd.ico">
      <Filter>리소스 파일</Filter>
    </Image>
    <Image Include="res\properties_wnd_hc.ico">
      <Filter>리소스 파일</Filter>
    </Image>
    <Image Include="res\properties.bmp">
      <Filter>리소스 파일</Filter>
    </Image>
    <Image Include="res\properties_hc.bmp">
      <Filter>리소스 파일</Filter>
    </Image>
    <Image Include="res\buttons.bmp">
      <Filter>리소스 파일</Filter>
    </Image>
    <Image Include="res\filelarge.bmp">
      <Filter>리소스 파일</Filter>
    </Image>
    <Image Include="res\filesmall.bmp">
      <Filter>리소스 파일</Filter>
    </Image>
    <Image Include="res\main.bmp">
      <Filter>리소스 파일</Filter>
    </Image>
    <Image Include="res\writelarge.bmp">
      <Filter>리소스 파일</Filter>
    </Image>
    <Image Include="res\writesmall.bmp">
      <Filter>리소스 파일</Filter>
    </Image>
    <Image Include="res\SysLinkerDoc.ico">
      <Filter>리소스 파일</Filter>
    </Image>
    <Image Include="res\SysLinker.ico">
      <Filter>리소스 파일</Filter>
    </Image>
    <Image Include="res\Toolbar.bmp">
      <Filter>리소스 파일</Filter>
    </Image>
    <Image Include="res\Toolbar256.bmp">
      <Filter>리소스 파일</Filter>
    </Image>
    <Image Include="res\writelarge-3.bmp">
      <Filter>리소스 파일</Filter>
    </Image>
    <Image Include="res\RB_LINKER_LARGE.bmp">
      <Filter>리소스 파일</Filter>
    </Image>
    <Image Include="res\RB_LINKER_SMALL.bmp">
      <Filter>리소스 파일</Filter>
    </Image>
    <Image Include="res\RB_SET_LARGE.bmp">
      <Filter>리소스 파일</Filter>
    </Image>
    <Image Include="res\RB_SET_SMALL.bmp">
      <Filter>리소스 파일</Filter>
    </Image>
    <Image Include="res\toolbar1.bmp">
      <Filter>리소스 파일</Filter>
    </Image>
    <Image Include="res\DKP_RELAY_TB.bmp">
      <Filter>리소스 파일</Filter>
    </Image>
    <Image Include="res\DeviceIcon.bmp">
      <Filter>리소스 파일</Filter>
    </Image>
    <Image Include="res\Checkboxs.bmp">
      <Filter>리소스 파일</Filter>
    </Image>
    <Image Include="res\LocationTreeIcon.bmp">
      <Filter>리소스 파일</Filter>
    </Image>
    <Image Include="res\outview.ico">
      <Filter>리소스 파일</Filter>
    </Image>
    <Image Include="res\outview_hc.ico">
      <Filter>리소스 파일</Filter>
    </Image>
    <Image Include="res\patternview.ico">
      <Filter>리소스 파일</Filter>
    </Image>
    <Image Include="res\patternview_hc.ico">
      <Filter>리소스 파일</Filter>
    </Image>
    <Image Include="res\tb_dkpre.bmp">
      <Filter>리소스 파일</Filter>
    </Image>
    <Image Include="res\PatternTreeIcon.bmp">
      <Filter>리소스 파일</Filter>
    </Image>
    <Image Include="res\PSWITCHTREEICON.bmp">
      <Filter>리소스 파일</Filter>
    </Image>
    <Image Include="res\PUMPTREEICON.bmp">
      <Filter>리소스 파일</Filter>
    </Image>
    <Image Include="res\EquipTreeIcon.bmp">
      <Filter>리소스 파일</Filter>
    </Image>
    <Image Include="res\output_wnd.ico">
      <Filter>리소스 파일</Filter>
    </Image>
    <Image Include="res\output_wnd_hc.ico">
      <Filter>리소스 파일</Filter>
    </Image>
    <Image Include="res\XListCheck.bmp">
      <Filter>리소스 파일</Filter>
    </Image>
    <Image Include="res\bmp00001.bmp">
      <Filter>리소스 파일</Filter>
    </Image>
    <Image Include="res\mainfram.bmp">
      <Filter>리소스 파일</Filter>
    </Image>
    <Image Include="res\Cancel1_32x32x16.ico">
      <Filter>리소스 파일</Filter>
    </Image>
    <Image Include="res\Ok1_32x32x16.ico">
      <Filter>리소스 파일</Filter>
    </Image>
    <Image Include="res\Right2_32x32x16.ico">
      <Filter>리소스 파일</Filter>
    </Image>
    <Image Include="res\RB_LINKER_LARGE_EDIT.bmp">
      <Filter>리소스 파일</Filter>
    </Image>
    <Image Include="res\bitmap2.bmp">
      <Filter>리소스 파일</Filter>
    </Image>
    <Image Include="res\RB_LINKER_SMALL_EDIT.bmp">
      <Filter>리소스 파일</Filter>
    </Image>
  </ItemGroup>
  <ItemGroup>
    <None Include="res\ribbon.mfcribbon-ms">
      <Filter>리소스 파일</Filter>
    </None>
    <None Include="res\SysLinker.rc2">
      <Filter>리소스 파일</Filter>
    </None>
    <None Include="res\dropcopy.cur">
      <Filter>리소스 파일</Filter>
    </None>
    <None Include="res\ribbon1.mfcribbon-ms">
      <Filter>리소스 파일</Filter>
    </None>
  </ItemGroup>
</Project>